
Microsoft Visual Studio Solution File, Format Version 12.00
# Visual Studio Version 17
VisualStudioVersion = 17.12.35527.113
MinimumVisualStudioVersion = 10.0.40219.1
Project("{FAE04EC0-301F-11D3-BF4B-00C04F79EFBC}") = "CardOperationSerice", "CardOperationSerice\CardOperationSerice.csproj", "{BA20637C-8ACB-4AB3-BF32-F28E7A7A3BD0}"
EndProject
Project("{FAE04EC0-301F-11D3-BF4B-00C04F79EFBC}") = "CardOperationService.Tests", "CardOperationService.Tests\CardOperationService.Tests.csproj", "{4CFD4575-0AED-47A2-BCA9-591FA043B690}"
EndProject
Global
	GlobalSection(SolutionConfigurationPlatforms) = preSolution
		Debug|Any CPU = Debug|Any CPU
		Release|Any CPU = Release|Any CPU
	EndGlobalSection
	GlobalSection(ProjectConfigurationPlatforms) = postSolution
		{BA20637C-8ACB-4AB3-BF32-F28E7A7A3BD0}.Debug|Any CPU.ActiveCfg = Debug|Any CPU
		{BA20637C-8ACB-4AB3-BF32-F28E7A7A3BD0}.Debug|Any CPU.Build.0 = Debug|Any CPU
		{BA20637C-8ACB-4AB3-BF32-F28E7A7A3BD0}.Release|Any CPU.ActiveCfg = Release|Any CPU
		{BA20637C-8ACB-4AB3-BF32-F28E7A7A3BD0}.Release|Any CPU.Build.0 = Release|Any CPU
		{4CFD4575-0AED-47A2-BCA9-591FA043B690}.Debug|Any CPU.ActiveCfg = Debug|Any CPU
		{4CFD4575-0AED-47A2-BCA9-591FA043B690}.Debug|Any CPU.Build.0 = Debug|Any CPU
		{4CFD4575-0AED-47A2-BCA9-591FA043B690}.Release|Any CPU.ActiveCfg = Release|Any CPU
		{4CFD4575-0AED-47A2-BCA9-591FA043B690}.Release|Any CPU.Build.0 = Release|Any CPU
	EndGlobalSection
	GlobalSection(SolutionProperties) = preSolution
		HideSolutionNode = FALSE
	EndGlobalSection
EndGlobal
